
Microsoft Visual Studio Solution File, Format Version 12.00
# Visual Studio Version 17
VisualStudioVersion = 17.4.33213.308
MinimumVisualStudioVersion = 10.0.40219.1
Project("{FAE04EC0-301F-11D3-BF4B-00C04F79EFBC}") = "july2", "july2\july2.csproj", "{285FFD6C-CA42-43D1-86BB-112209EBAF59}"
EndProject
Global
	GlobalSection(SolutionConfigurationPlatforms) = preSolution
		Debug|Any CPU = Debug|Any CPU
		Release|Any CPU = Release|Any CPU
	EndGlobalSection
	GlobalSection(ProjectConfigurationPlatforms) = postSolution
		{285FFD6C-CA42-43D1-86BB-112209EBAF59}.Debug|Any CPU.ActiveCfg = Debug|Any CPU
		{285FFD6C-CA42-43D1-86BB-112209EBAF59}.Debug|Any CPU.Build.0 = Debug|Any CPU
		{285FFD6C-CA42-43D1-86BB-112209EBAF59}.Release|Any CPU.ActiveCfg = Release|Any CPU
		{285FFD6C-CA42-43D1-86BB-112209EBAF59}.Release|Any CPU.Build.0 = Release|Any CPU
	EndGlobalSection
	GlobalSection(SolutionProperties) = preSolution
		HideSolutionNode = FALSE
	EndGlobalSection
	GlobalSection(ExtensibilityGlobals) = postSolution
		SolutionGuid = {D336134E-C72F-4E12-9EA4-5D57A407AAA6}
	EndGlobalSection
EndGlobal
